// !$*UTF8*$!
{
	archiveVersion = 1;
	classes = {
	};
	objectVersion = 46;
	objects = {

/* Begin PBXBuildFile section */
		2497015715CC32FC008C8923 /* UIKit.framework in Frameworks */ = {isa = PBXBuildFile; fileRef = 2497015615CC32FC008C8923 /* UIKit.framework */; };
		2497015915CC32FC008C8923 /* Foundation.framework in Frameworks */ = {isa = PBXBuildFile; fileRef = 2497015815CC32FC008C8923 /* Foundation.framework */; };
		2497015B15CC32FC008C8923 /* CoreGraphics.framework in Frameworks */ = {isa = PBXBuildFile; fileRef = 2497015A15CC32FC008C8923 /* CoreGraphics.framework */; };
		2497016115CC32FC008C8923 /* InfoPlist.strings in Resources */ = {isa = PBXBuildFile; fileRef = 2497015F15CC32FC008C8923 /* InfoPlist.strings */; };
		2497016315CC32FC008C8923 /* main.m in Sources */ = {isa = PBXBuildFile; fileRef = 2497016215CC32FC008C8923 /* main.m */; };
		2497016715CC32FC008C8923 /* TablaEnViewExistenteAppDelegate.m in Sources */ = {isa = PBXBuildFile; fileRef = 2497016615CC32FC008C8923 /* TablaEnViewExistenteAppDelegate.m */; };
		2497016A15CC32FC008C8923 /* MainStoryboard.storyboard in Resources */ = {isa = PBXBuildFile; fileRef = 2497016815CC32FC008C8923 /* MainStoryboard.storyboard */; };
		2497016D15CC32FC008C8923 /* TablaEnViewExistenteViewController.m in Sources */ = {isa = PBXBuildFile; fileRef = 2497016C15CC32FC008C8923 /* TablaEnViewExistenteViewController.m */; };
/* End PBXBuildFile section */

/* Begin PBXFileReference section */
		2497015215CC32FC008C8923 /* TablaEnViewExistente.app */ = {isa = PBXFileReference; explicitFileType = wrapper.application; includeInIndex = 0; path = TablaEnViewExistente.app; sourceTree = BUILT_PRODUCTS_DIR; };
		2497015615CC32FC008C8923 /* UIKit.framework */ = {isa = PBXFileReference; lastKnownFileType = wrapper.framework; name = UIKit.framework; path = System/Library/Frameworks/UIKit.framework; sourceTree = SDKROOT; };
		2497015815CC32FC008C8923 /* Foundation.framework */ = {isa = PBXFileReference; lastKnownFileType = wrapper.framework; name = Foundation.framework; path = System/Library/Frameworks/Foundation.framework; sourceTree = SDKROOT; };
		2497015A15CC32FC008C8923 /* CoreGraphics.framework */ = {isa = PBXFileReference; lastKnownFileType = wrapper.framework; name = CoreGraphics.framework; path = System/Library/Frameworks/CoreGraphics.framework; sourceTree = SDKROOT; };
		2497015E15CC32FC008C8923 /* TablaEnViewExistente-Info.plist */ = {isa = PBXFileReference; path = "TablaEnViewExistente-Info.plist"; sourceTree = "<group>"; };
		2497016015CC32FC008C8923 /* en */ = {isa = PBXFileReference; lastKnownFileType = text.plist.strings; name = en; path = en.lproj/InfoPlist.strings; sourceTree = "<group>"; };
		2497016215CC32FC008C8923 /* main.m */ = {isa = PBXFileReference; lastKnownFileType = sourcecode.c.objc; path = main.m; sourceTree = "<group>"; };
		2497016415CC32FC008C8923 /* TablaEnViewExistente-Prefix.pch */ = {isa = PBXFileReference; path = "TablaEnViewExistente-Prefix.pch"; sourceTree = "<group>"; };
		2497016515CC32FC008C8923 /* TablaEnViewExistenteAppDelegate.h */ = {isa = PBXFileReference; path = TablaEnViewExistenteAppDelegate.h; sourceTree = "<group>"; };
		2497016615CC32FC008C8923 /* TablaEnViewExistenteAppDelegate.m */ = {isa = PBXFileReference; lastKnownFileType = sourcecode.c.objc; path = TablaEnViewExistenteAppDelegate.m; sourceTree = "<group>"; };
		2497016915CC32FC008C8923 /* en */ = {isa = PBXFileReference; lastKnownFileType = file.storyboard; name = en; path = en.lproj/MainStoryboard.storyboard; sourceTree = "<group>"; };
		2497016B15CC32FC008C8923 /* TablaEnViewExistenteViewController.h */ = {isa = PBXFileReference; path = TablaEnViewExistenteViewController.h; sourceTree = "<group>"; };
		2497016C15CC32FC008C8923 /* TablaEnViewExistenteViewController.m */ = {isa = PBXFileReference; lastKnownFileType = sourcecode.c.objc; path = TablaEnViewExistenteViewController.m; sourceTree = "<group>"; };
/* End PBXFileReference section */

/* Begin PBXFrameworksBuildPhase section */
		2497014F15CC32FC008C8923 /* Frameworks */ = {
			isa = PBXFrameworksBuildPhase;
			buildActionMask = 2147483647;
			files = (
				2497015715CC32FC008C8923 /* UIKit.framework in Frameworks */,
				2497015915CC32FC008C8923 /* Foundation.framework in Frameworks */,
				2497015B15CC32FC008C8923 /* CoreGraphics.framework in Frameworks */,
			);
			runOnlyForDeploymentPostprocessing = 0;
		};
/* End PBXFrameworksBuildPhase section */

/* Begin PBXGroup section */
		2497014715CC32FB008C8923 = {
			isa = PBXGroup;
			children = (
				2497015C15CC32FC008C8923 /* TablaEnViewExistente */,
				2497015515CC32FC008C8923 /* Frameworks */,
				2497015315CC32FC008C8923 /* Products */,
			);
			sourceTree = "<group>";
		};
		2497015315CC32FC008C8923 /* Products */ = {
			isa = PBXGroup;
			children = (
				2497015215CC32FC008C8923 /* TablaEnViewExistente.app */,
			);
			name = Products;
			sourceTree = "<group>";
		};
		2497015515CC32FC008C8923 /* Frameworks */ = {
			isa = PBXGroup;
			children = (
				2497015615CC32FC008C8923 /* UIKit.framework */,
				2497015815CC32FC008C8923 /* Foundation.framework */,
				2497015A15CC32FC008C8923 /* CoreGraphics.framework */,
			);
			name = Frameworks;
			sourceTree = "<group>";
		};
		2497015C15CC32FC008C8923 /* TablaEnViewExistente */ = {
			isa = PBXGroup;
			children = (
				2497016515CC32FC008C8923 /* TablaEnViewExistenteAppDelegate.h */,
				2497016615CC32FC008C8923 /* TablaEnViewExistenteAppDelegate.m */,
				2497016815CC32FC008C8923 /* MainStoryboard.storyboard */,
				2497016B15CC32FC008C8923 /* TablaEnViewExistenteViewController.h */,
				2497016C15CC32FC008C8923 /* TablaEnViewExistenteViewController.m */,
				2497015D15CC32FC008C8923 /* Supporting Files */,
			);
			path = TablaEnViewExistente;
			sourceTree = "<group>";
		};
		2497015D15CC32FC008C8923 /* Supporting Files */ = {
			isa = PBXGroup;
			children = (
				2497015E15CC32FC008C8923 /* TablaEnViewExistente-Info.plist */,
				2497015F15CC32FC008C8923 /* InfoPlist.strings */,
				2497016215CC32FC008C8923 /* main.m */,
				2497016415CC32FC008C8923 /* TablaEnViewExistente-Prefix.pch */,
			);
			name = "Supporting Files";
			sourceTree = "<group>";
		};
/* End PBXGroup section */

/* Begin PBXNativeTarget section */
		2497015115CC32FC008C8923 /* TablaEnViewExistente */ = {
			isa = PBXNativeTarget;
			buildConfigurationList = 2497017015CC32FC008C8923 /* Build configuration list for PBXNativeTarget "TablaEnViewExistente" */;
			buildPhases = (
				2497014E15CC32FC008C8923 /* Sources */,
				2497014F15CC32FC008C8923 /* Frameworks */,
				2497015015CC32FC008C8923 /* Resources */,
			);
			buildRules = (
			);
			dependencies = (
			);
			name = TablaEnViewExistente;
			productName = TablaEnViewExistente;
			productReference = 2497015215CC32FC008C8923 /* TablaEnViewExistente.app */;
			productType = "com.apple.product-type.application";
		};
/* End PBXNativeTarget section */

/* Begin PBXProject section */
		2497014915CC32FB008C8923 /* Project object */ = {
			isa = PBXProject;
			attributes = {
				CLASSPREFIX = TablaEnViewExistente;
				LastUpgradeCheck = 0430;
				ORGANIZATIONNAME = "LSR Marketing Service";
			};
			buildConfigurationList = 2497014C15CC32FB008C8923 /* Build configuration list for PBXProject "TablaEnViewExistente" */;
			compatibilityVersion = "Xcode 3.2";
			developmentRegion = English;
			hasScannedForEncodings = 0;
			knownRegions = (
				en,
			);
			mainGroup = 2497014715CC32FB008C8923;
			productRefGroup = 2497015315CC32FC008C8923 /* Products */;
			projectDirPath = "";
			projectRoot = "";
			targets = (
				2497015115CC32FC008C8923 /* TablaEnViewExistente */,
			);
		};
/* End PBXProject section */

/* Begin PBXResourcesBuildPhase section */
		2497015015CC32FC008C8923 /* Resources */ = {
			isa = PBXResourcesBuildPhase;
			buildActionMask = 2147483647;
			files = (
				2497016115CC32FC008C8923 /* InfoPlist.strings in Resources */,
				2497016A15CC32FC008C8923 /* MainStoryboard.storyboard in Resources */,
			);
			runOnlyForDeploymentPostprocessing = 0;
		};
/* End PBXResourcesBuildPhase section */

/* Begin PBXSourcesBuildPhase section */
		2497014E15CC32FC008C8923 /* Sources */ = {
			isa = PBXSourcesBuildPhase;
			buildActionMask = 2147483647;
			files = (
				2497016315CC32FC008C8923 /* main.m in Sources */,
				2497016715CC32FC008C8923 /* TablaEnViewExistenteAppDelegate.m in Sources */,
				2497016D15CC32FC008C8923 /* TablaEnViewExistenteViewController.m in Sources */,
			);
			runOnlyForDeploymentPostprocessing = 0;
		};
/* End PBXSourcesBuildPhase section */

/* Begin PBXVariantGroup section */
		2497015F15CC32FC008C8923 /* InfoPlist.strings */ = {
			isa = PBXVariantGroup;
			children = (
				2497016015CC32FC008C8923 /* en */,
			);
			name = InfoPlist.strings;
			sourceTree = "<group>";
		};
		2497016815CC32FC008C8923 /* MainStoryboard.storyboard */ = {
			isa = PBXVariantGroup;
			children = (
				2497016915CC32FC008C8923 /* en */,
			);
			name = MainStoryboard.storyboard;
			sourceTree = "<group>";
		};
/* End PBXVariantGroup section */

/* Begin XCBuildConfiguration section */
		2497016E15CC32FC008C8923 /* Debug */ = {
			isa = XCBuildConfiguration;
			buildSettings = {
				ALWAYS_SEARCH_USER_PATHS = NO;
				ARCHS = "$(ARCHS_STANDARD_32_BIT)";
				CLANG_ENABLE_OBJC_ARC = YES;
				"CODE_SIGN_IDENTITY[sdk=iphoneos*]" = "iPhone Developer";
				COPY_PHASE_STRIP = NO;
				GCC_C_LANGUAGE_STANDARD = gnu99;
				GCC_DYNAMIC_NO_PIC = NO;
				GCC_OPTIMIZATION_LEVEL = 0;
				GCC_PREPROCESSOR_DEFINITIONS = (
					"DEBUG=1",
					"$(inherited)",
				);
				GCC_SYMBOLS_PRIVATE_EXTERN = NO;
				GCC_VERSION = com.apple.compilers.llvm.clang.1_0;
				GCC_WARN_ABOUT_RETURN_TYPE = YES;
				GCC_WARN_UNINITIALIZED_AUTOS = YES;
				GCC_WARN_UNUSED_VARIABLE = YES;
				IPHONEOS_DEPLOYMENT_TARGET = 5.1;
				SDKROOT = iphoneos;
				TARGETED_DEVICE_FAMILY = 2;
			};
			name = Debug;
		};
		2497016F15CC32FC008C8923 /* Release */ = {
			isa = XCBuildConfiguration;
			buildSettings = {
				ALWAYS_SEARCH_USER_PATHS = NO;
				ARCHS = "$(ARCHS_STANDARD_32_BIT)";
				CLANG_ENABLE_OBJC_ARC = YES;
				"CODE_SIGN_IDENTITY[sdk=iphoneos*]" = "iPhone Developer";
				COPY_PHASE_STRIP = YES;
				GCC_C_LANGUAGE_STANDARD = gnu99;
				GCC_VERSION = com.apple.compilers.llvm.clang.1_0;
				GCC_WARN_ABOUT_RETURN_TYPE = YES;
				GCC_WARN_UNINITIALIZED_AUTOS = YES;
				GCC_WARN_UNUSED_VARIABLE = YES;
				IPHONEOS_DEPLOYMENT_TARGET = 5.1;
				OTHER_CFLAGS = "-DNS_BLOCK_ASSERTIONS=1";
				SDKROOT = iphoneos;
				TARGETED_DEVICE_FAMILY = 2;
				VALIDATE_PRODUCT = YES;
			};
			name = Release;
		};
		2497017115CC32FC008C8923 /* Debug */ = {
			isa = XCBuildConfiguration;
			buildSettings = {
				GCC_PRECOMPILE_PREFIX_HEADER = YES;
				GCC_PREFIX_HEADER = "TablaEnViewExistente/TablaEnViewExistente-Prefix.pch";
				INFOPLIST_FILE = "TablaEnViewExistente/TablaEnViewExistente-Info.plist";
				PRODUCT_NAME = "$(TARGET_NAME)";
				WRAPPER_EXTENSION = app;
			};
			name = Debug;
		};
		2497017215CC32FC008C8923 /* Release */ = {
			isa = XCBuildConfiguration;
			buildSettings = {
				GCC_PRECOMPILE_PREFIX_HEADER = YES;
				GCC_PREFIX_HEADER = "TablaEnViewExistente/TablaEnViewExistente-Prefix.pch";
				INFOPLIST_FILE = "TablaEnViewExistente/TablaEnViewExistente-Info.plist";
				PRODUCT_NAME = "$(TARGET_NAME)";
				WRAPPER_EXTENSION = app;
			};
			name = Release;
		};
/* End XCBuildConfiguration section */

/* Begin XCConfigurationList section */
		2497014C15CC32FB008C8923 /* Build configuration list for PBXProject "TablaEnViewExistente" */ = {
			isa = XCConfigurationList;
			buildConfigurations = (
				2497016E15CC32FC008C8923 /* Debug */,
				2497016F15CC32FC008C8923 /* Release */,
			);
			defaultConfigurationIsVisible = 0;
			defaultConfigurationName = Release;
		};
		2497017015CC32FC008C8923 /* Build configuration list for PBXNativeTarget "TablaEnViewExistente" */ = {
			isa = XCConfigurationList;
			buildConfigurations = (
				2497017115CC32FC008C8923 /* Debug */,
				2497017215CC32FC008C8923 /* Release */,
			);
			defaultConfigurationIsVisible = 0;
		};
/* End XCConfigurationList section */
	};
	rootObject = 2497014915CC32FB008C8923 /* Project object */;
}
